// !$*UTF8*$!
{
	archiveVersion = 1;
	classes = {
	};
	objectVersion = 77;
	objects = {

/* Begin PBXContainerItemProxy section */
		28024E402C6DA6F4009CC800 /* PBXContainerItemProxy */ = {
			isa = PBXContainerItemProxy;
			containerPortal = 28024E212C6DA6F3009CC800 /* Project object */;
			proxyType = 1;
			remoteGlobalIDString = 28024E282C6DA6F3009CC800;
			remoteInfo = TopGithubRepos;
		};
		28024E4A2C6DA6F4009CC800 /* PBXContainerItemProxy */ = {
			isa = PBXContainerItemProxy;
			containerPortal = 28024E212C6DA6F3009CC800 /* Project object */;
			proxyType = 1;
			remoteGlobalIDString = 28024E282C6DA6F3009CC800;
			remoteInfo = TopGithubRepos;
		};
/* End PBXContainerItemProxy section */

/* Begin PBXFileReference section */
		28024E292C6DA6F3009CC800 /* TopGithubRepos.app */ = {isa = PBXFileReference; explicitFileType = wrapper.application; includeInIndex = 0; path = TopGithubRepos.app; sourceTree = BUILT_PRODUCTS_DIR; };
		28024E3F2C6DA6F4009CC800 /* TopGithubReposTests.xctest */ = {isa = PBXFileReference; explicitFileType = wrapper.cfbundle; includeInIndex = 0; path = TopGithubReposTests.xctest; sourceTree = BUILT_PRODUCTS_DIR; };
		28024E492C6DA6F4009CC800 /* TopGithubReposUITests.xctest */ = {isa = PBXFileReference; explicitFileType = wrapper.cfbundle; includeInIndex = 0; path = TopGithubReposUITests.xctest; sourceTree = BUILT_PRODUCTS_DIR; };
/* End PBXFileReference section */

/* Begin PBXFileSystemSynchronizedBuildFileExceptionSet section */
		28024E512C6DA6F4009CC800 /* Exceptions for "TopGithubRepos" folder in "TopGithubRepos" target */ = {
			isa = PBXFileSystemSynchronizedBuildFileExceptionSet;
			membershipExceptions = (
				"/Localized: LaunchScreen.storyboard",
				"/Localized: Main.storyboard",
				Info.plist,
			);
			target = 28024E282C6DA6F3009CC800 /* TopGithubRepos */;
		};
/* End PBXFileSystemSynchronizedBuildFileExceptionSet section */

/* Begin PBXFileSystemSynchronizedGroupBuildPhaseMembershipExceptionSet section */
		28024E552C6DA6F4009CC800 /* Exceptions for "TopGithubRepos" folder in "Copy Bundle Resources" phase from "TopGithubRepos" target */ = {
			isa = PBXFileSystemSynchronizedGroupBuildPhaseMembershipExceptionSet;
			buildPhase = 28024E272C6DA6F3009CC800 /* Resources */;
			membershipExceptions = (
				Base.lproj/LaunchScreen.storyboard,
				Base.lproj/Main.storyboard,
			);
		};
/* End PBXFileSystemSynchronizedGroupBuildPhaseMembershipExceptionSet section */

/* Begin PBXFileSystemSynchronizedRootGroup section */
		28024E2B2C6DA6F3009CC800 /* TopGithubRepos */ = {
			isa = PBXFileSystemSynchronizedRootGroup;
			exceptions = (
				28024E512C6DA6F4009CC800 /* Exceptions for "TopGithubRepos" folder in "TopGithubRepos" target */,
				28024E552C6DA6F4009CC800 /* Exceptions for "TopGithubRepos" folder in "Copy Bundle Resources" phase from "TopGithubRepos" target */,
			);
			path = TopGithubRepos;
			sourceTree = "<group>";
		};
		28024E422C6DA6F4009CC800 /* TopGithubReposTests */ = {
			isa = PBXFileSystemSynchronizedRootGroup;
			path = TopGithubReposTests;
			sourceTree = "<group>";
		};
		28024E4C2C6DA6F4009CC800 /* TopGithubReposUITests */ = {
			isa = PBXFileSystemSynchronizedRootGroup;
			path = TopGithubReposUITests;
			sourceTree = "<group>";
		};
/* End PBXFileSystemSynchronizedRootGroup section */

/* Begin PBXFrameworksBuildPhase section */
		28024E262C6DA6F3009CC800 /* Frameworks */ = {
			isa = PBXFrameworksBuildPhase;
			buildActionMask = 2147483647;
			files = (
			);
			runOnlyForDeploymentPostprocessing = 0;
		};
		28024E3C2C6DA6F4009CC800 /* Frameworks */ = {
			isa = PBXFrameworksBuildPhase;
			buildActionMask = 2147483647;
			files = (
			);
			runOnlyForDeploymentPostprocessing = 0;
		};
		28024E462C6DA6F4009CC800 /* Frameworks */ = {
			isa = PBXFrameworksBuildPhase;
			buildActionMask = 2147483647;
			files = (
			);
			runOnlyForDeploymentPostprocessing = 0;
		};
/* End PBXFrameworksBuildPhase section */

/* Begin PBXGroup section */
		28024E202C6DA6F3009CC800 = {
			isa = PBXGroup;
			children = (
				28024E2B2C6DA6F3009CC800 /* TopGithubRepos */,
				28024E422C6DA6F4009CC800 /* TopGithubReposTests */,
				28024E4C2C6DA6F4009CC800 /* TopGithubReposUITests */,
				28024E2A2C6DA6F3009CC800 /* Products */,
			);
			sourceTree = "<group>";
		};
		28024E2A2C6DA6F3009CC800 /* Products */ = {
			isa = PBXGroup;
			children = (
				28024E292C6DA6F3009CC800 /* TopGithubRepos.app */,
				28024E3F2C6DA6F4009CC800 /* TopGithubReposTests.xctest */,
				28024E492C6DA6F4009CC800 /* TopGithubReposUITests.xctest */,
			);
			name = Products;
			sourceTree = "<group>";
		};
/* End PBXGroup section */

/* Begin PBXNativeTarget section */
		28024E282C6DA6F3009CC800 /* TopGithubRepos */ = {
			isa = PBXNativeTarget;
			buildConfigurationList = 28024E522C6DA6F4009CC800 /* Build configuration list for PBXNativeTarget "TopGithubRepos" */;
			buildPhases = (
				28024E252C6DA6F3009CC800 /* Sources */,
				28024E262C6DA6F3009CC800 /* Frameworks */,
				28024E272C6DA6F3009CC800 /* Resources */,
			);
			buildRules = (
			);
			dependencies = (
			);
			fileSystemSynchronizedGroups = (
				28024E2B2C6DA6F3009CC800 /* TopGithubRepos */,
			);
			name = TopGithubRepos;
			packageProductDependencies = (
			);
			productName = TopGithubRepos;
			productReference = 28024E292C6DA6F3009CC800 /* TopGithubRepos.app */;
			productType = "com.apple.product-type.application";
		};
		28024E3E2C6DA6F4009CC800 /* TopGithubReposTests */ = {
			isa = PBXNativeTarget;
			buildConfigurationList = 28024E582C6DA6F4009CC800 /* Build configuration list for PBXNativeTarget "TopGithubReposTests" */;
			buildPhases = (
				28024E3B2C6DA6F4009CC800 /* Sources */,
				28024E3C2C6DA6F4009CC800 /* Frameworks */,
				28024E3D2C6DA6F4009CC800 /* Resources */,
			);
			buildRules = (
			);
			dependencies = (
				28024E412C6DA6F4009CC800 /* PBXTargetDependency */,
			);
			fileSystemSynchronizedGroups = (
				28024E422C6DA6F4009CC800 /* TopGithubReposTests */,
			);
			name = TopGithubReposTests;
			packageProductDependencies = (
			);
			productName = TopGithubReposTests;
			productReference = 28024E3F2C6DA6F4009CC800 /* TopGithubReposTests.xctest */;
			productType = "com.apple.product-type.bundle.unit-test";
		};
		28024E482C6DA6F4009CC800 /* TopGithubReposUITests */ = {
			isa = PBXNativeTarget;
			buildConfigurationList = 28024E5B2C6DA6F4009CC800 /* Build configuration list for PBXNativeTarget "TopGithubReposUITests" */;
			buildPhases = (
				28024E452C6DA6F4009CC800 /* Sources */,
				28024E462C6DA6F4009CC800 /* Frameworks */,
				28024E472C6DA6F4009CC800 /* Resources */,
			);
			buildRules = (
			);
			dependencies = (
				28024E4B2C6DA6F4009CC800 /* PBXTargetDependency */,
			);
			fileSystemSynchronizedGroups = (
				28024E4C2C6DA6F4009CC800 /* TopGithubReposUITests */,
			);
			name = TopGithubReposUITests;
			packageProductDependencies = (
			);
			productName = TopGithubReposUITests;
			productReference = 28024E492C6DA6F4009CC800 /* TopGithubReposUITests.xctest */;
			productType = "com.apple.product-type.bundle.ui-testing";
		};
/* End PBXNativeTarget section */

/* Begin PBXProject section */
		28024E212C6DA6F3009CC800 /* Project object */ = {
			isa = PBXProject;
			attributes = {
				BuildIndependentTargetsInParallel = 1;
				LastSwiftUpdateCheck = 1600;
				LastUpgradeCheck = 1600;
				TargetAttributes = {
					28024E282C6DA6F3009CC800 = {
						CreatedOnToolsVersion = 16.0;
					};
					28024E3E2C6DA6F4009CC800 = {
						CreatedOnToolsVersion = 16.0;
						TestTargetID = 28024E282C6DA6F3009CC800;
					};
					28024E482C6DA6F4009CC800 = {
						CreatedOnToolsVersion = 16.0;
						TestTargetID = 28024E282C6DA6F3009CC800;
					};
				};
			};
			buildConfigurationList = 28024E242C6DA6F3009CC800 /* Build configuration list for PBXProject "TopGithubRepos" */;
			developmentRegion = en;
			hasScannedForEncodings = 0;
			knownRegions = (
				en,
				Base,
			);
			mainGroup = 28024E202C6DA6F3009CC800;
			minimizedProjectReferenceProxies = 1;
			preferredProjectObjectVersion = 77;
			productRefGroup = 28024E2A2C6DA6F3009CC800 /* Products */;
			projectDirPath = "";
			projectRoot = "";
			targets = (
				28024E282C6DA6F3009CC800 /* TopGithubRepos */,
				28024E3E2C6DA6F4009CC800 /* TopGithubReposTests */,
				28024E482C6DA6F4009CC800 /* TopGithubReposUITests */,
			);
		};
/* End PBXProject section */

/* Begin PBXResourcesBuildPhase section */
		28024E272C6DA6F3009CC800 /* Resources */ = {
			isa = PBXResourcesBuildPhase;
			buildActionMask = 2147483647;
			files = (
			);
			runOnlyForDeploymentPostprocessing = 0;
		};
		28024E3D2C6DA6F4009CC800 /* Resources */ = {
			isa = PBXResourcesBuildPhase;
			buildActionMask = 2147483647;
			files = (
			);
			runOnlyForDeploymentPostprocessing = 0;
		};
		28024E472C6DA6F4009CC800 /* Resources */ = {
			isa = PBXResourcesBuildPhase;
			buildActionMask = 2147483647;
			files = (
			);
			runOnlyForDeploymentPostprocessing = 0;
		};
/* End PBXResourcesBuildPhase section */

/* Begin PBXSourcesBuildPhase section */
		28024E252C6DA6F3009CC800 /* Sources */ = {
			isa = PBXSourcesBuildPhase;
			buildActionMask = 2147483647;
			files = (
			);
			runOnlyForDeploymentPostprocessing = 0;
		};
		28024E3B2C6DA6F4009CC800 /* Sources */ = {
			isa = PBXSourcesBuildPhase;
			buildActionMask = 2147483647;
			files = (
			);
			runOnlyForDeploymentPostprocessing = 0;
		};
		28024E452C6DA6F4009CC800 /* Sources */ = {
			isa = PBXSourcesBuildPhase;
			buildActionMask = 2147483647;
			files = (
			);
			runOnlyForDeploymentPostprocessing = 0;
		};
/* End PBXSourcesBuildPhase section */

/* Begin PBXTargetDependency section */
		28024E412C6DA6F4009CC800 /* PBXTargetDependency */ = {
			isa = PBXTargetDependency;
			target = 28024E282C6DA6F3009CC800 /* TopGithubRepos */;
			targetProxy = 28024E402C6DA6F4009CC800 /* PBXContainerItemProxy */;
		};
		28024E4B2C6DA6F4009CC800 /* PBXTargetDependency */ = {
			isa = PBXTargetDependency;
			target = 28024E282C6DA6F3009CC800 /* TopGithubRepos */;
			targetProxy = 28024E4A2C6DA6F4009CC800 /* PBXContainerItemProxy */;
		};
/* End PBXTargetDependency section */

/* Begin XCBuildConfiguration section */
		28024E532C6DA6F4009CC800 /* Debug */ = {
			isa = XCBuildConfiguration;
			buildSettings = {
				ASSETCATALOG_COMPILER_APPICON_NAME = AppIcon;
				ASSETCATALOG_COMPILER_GLOBAL_ACCENT_COLOR_NAME = AccentColor;
				CODE_SIGN_STYLE = Automatic;
				CURRENT_PROJECT_VERSION = 1;
				DEVELOPMENT_TEAM = 4MTKKYGCKK;
				GENERATE_INFOPLIST_FILE = YES;
				INFOPLIST_FILE = TopGithubRepos/Info.plist;
				INFOPLIST_KEY_UIApplicationSupportsIndirectInputEvents = YES;
				INFOPLIST_KEY_UILaunchStoryboardName = LaunchScreen;
				INFOPLIST_KEY_UIMainStoryboardFile = Main;
				INFOPLIST_KEY_UISupportedInterfaceOrientations_iPad = "UIInterfaceOrientationPortrait UIInterfaceOrientationPortraitUpsideDown UIInterfaceOrientationLandscapeLeft UIInterfaceOrientationLandscapeRight";
				INFOPLIST_KEY_UISupportedInterfaceOrientations_iPhone = "UIInterfaceOrientationPortrait UIInterfaceOrientationLandscapeLeft UIInterfaceOrientationLandscapeRight";
				LD_RUNPATH_SEARCH_PATHS = (
					"$(inherited)",
					"@executable_path/Frameworks",
				);
				MARKETING_VERSION = 1.0;
				PRODUCT_BUNDLE_IDENTIFIER = com.leonardoveiga.TopGithubRepos;
				PRODUCT_NAME = "$(TARGET_NAME)";
				SWIFT_EMIT_LOC_STRINGS = YES;
				SWIFT_VERSION = 5.0;
				TARGETED_DEVICE_FAMILY = "1,2";
			};
			name = Debug;
		};
		28024E542C6DA6F4009CC800 /* Release */ = {
			isa = XCBuildConfiguration;
			buildSettings = {
				ASSETCATALOG_COMPILER_APPICON_NAME = AppIcon;
				ASSETCATALOG_COMPILER_GLOBAL_ACCENT_COLOR_NAME = AccentColor;
				CODE_SIGN_STYLE = Automatic;
				CURRENT_PROJECT_VERSION = 1;
				DEVELOPMENT_TEAM = 4MTKKYGCKK;
				GENERATE_INFOPLIST_FILE = YES;
				INFOPLIST_FILE = TopGithubRepos/Info.plist;
				INFOPLIST_KEY_UIApplicationSupportsIndirectInputEvents = YES;
				INFOPLIST_KEY_UILaunchStoryboardName = LaunchScreen;
				INFOPLIST_KEY_UIMainStoryboardFile = Main;
				INFOPLIST_KEY_UISupportedInterfaceOrientations_iPad = "UIInterfaceOrientationPortrait UIInterfaceOrientationPortraitUpsideDown UIInterfaceOrientationLandscapeLeft UIInterfaceOrientationLandscapeRight";
				INFOPLIST_KEY_UISupportedInterfaceOrientations_iPhone = "UIInterfaceOrientationPortrait UIInterfaceOrientationLandscapeLeft UIInterfaceOrientationLandscapeRight";
				LD_RUNPATH_SEARCH_PATHS = (
					"$(inherited)",
					"@executable_path/Frameworks",
				);
				MARKETING_VERSION = 1.0;
				PRODUCT_BUNDLE_IDENTIFIER = com.leonardoveiga.TopGithubRepos;
				PRODUCT_NAME = "$(TARGET_NAME)";
				SWIFT_EMIT_LOC_STRINGS = YES;
				SWIFT_VERSION = 5.0;
				TARGETED_DEVICE_FAMILY = "1,2";
			};
			name = Release;
		};
		28024E562C6DA6F4009CC800 /* Debug */ = {
			isa = XCBuildConfiguration;
			buildSettings = {
				ALWAYS_SEARCH_USER_PATHS = NO;
				ASSETCATALOG_COMPILER_GENERATE_SWIFT_ASSET_SYMBOL_EXTENSIONS = YES;
				CLANG_ANALYZER_NONNULL = YES;
				CLANG_ANALYZER_NUMBER_OBJECT_CONVERSION = YES_AGGRESSIVE;
				CLANG_CXX_LANGUAGE_STANDARD = "gnu++20";
				CLANG_ENABLE_MODULES = YES;
				CLANG_ENABLE_OBJC_ARC = YES;
				CLANG_ENABLE_OBJC_WEAK = YES;
				CLANG_WARN_BLOCK_CAPTURE_AUTORELEASING = YES;
				CLANG_WARN_BOOL_CONVERSION = YES;
				CLANG_WARN_COMMA = YES;
				CLANG_WARN_CONSTANT_CONVERSION = YES;
				CLANG_WARN_DEPRECATED_OBJC_IMPLEMENTATIONS = YES;
				CLANG_WARN_DIRECT_OBJC_ISA_USAGE = YES_ERROR;
				CLANG_WARN_DOCUMENTATION_COMMENTS = YES;
				CLANG_WARN_EMPTY_BODY = YES;
				CLANG_WARN_ENUM_CONVERSION = YES;
				CLANG_WARN_INFINITE_RECURSION = YES;
				CLANG_WARN_INT_CONVERSION = YES;
				CLANG_WARN_NON_LITERAL_NULL_CONVERSION = YES;
				CLANG_WARN_OBJC_IMPLICIT_RETAIN_SELF = YES;
				CLANG_WARN_OBJC_LITERAL_CONVERSION = YES;
				CLANG_WARN_OBJC_ROOT_CLASS = YES_ERROR;
				CLANG_WARN_QUOTED_INCLUDE_IN_FRAMEWORK_HEADER = YES;
				CLANG_WARN_RANGE_LOOP_ANALYSIS = YES;
				CLANG_WARN_STRICT_PROTOTYPES = YES;
				CLANG_WARN_SUSPICIOUS_MOVE = YES;
				CLANG_WARN_UNGUARDED_AVAILABILITY = YES_AGGRESSIVE;
				CLANG_WARN_UNREACHABLE_CODE = YES;
				CLANG_WARN__DUPLICATE_METHOD_MATCH = YES;
				COPY_PHASE_STRIP = NO;
				DEBUG_INFORMATION_FORMAT = dwarf;
				ENABLE_STRICT_OBJC_MSGSEND = YES;
				ENABLE_TESTABILITY = YES;
				ENABLE_USER_SCRIPT_SANDBOXING = YES;
				GCC_C_LANGUAGE_STANDARD = gnu17;
				GCC_DYNAMIC_NO_PIC = NO;
				GCC_NO_COMMON_BLOCKS = YES;
				GCC_OPTIMIZATION_LEVEL = 0;
				GCC_PREPROCESSOR_DEFINITIONS = (
					"DEBUG=1",
					"$(inherited)",
				);
				GCC_WARN_64_TO_32_BIT_CONVERSION = YES;
				GCC_WARN_ABOUT_RETURN_TYPE = YES_ERROR;
				GCC_WARN_UNDECLARED_SELECTOR = YES;
				GCC_WARN_UNINITIALIZED_AUTOS = YES_AGGRESSIVE;
				GCC_WARN_UNUSED_FUNCTION = YES;
				GCC_WARN_UNUSED_VARIABLE = YES;
				IPHONEOS_DEPLOYMENT_TARGET = 18.0;
				LOCALIZATION_PREFERS_STRING_CATALOGS = YES;
				MTL_ENABLE_DEBUG_INFO = INCLUDE_SOURCE;
				MTL_FAST_MATH = YES;
				ONLY_ACTIVE_ARCH = YES;
				SDKROOT = iphoneos;
				SWIFT_ACTIVE_COMPILATION_CONDITIONS = "DEBUG $(inherited)";
				SWIFT_OPTIMIZATION_LEVEL = "-Onone";
			};
			name = Debug;
		};
		28024E572C6DA6F4009CC800 /* Release */ = {
			isa = XCBuildConfiguration;
			buildSettings = {
				ALWAYS_SEARCH_USER_PATHS = NO;
				ASSETCATALOG_COMPILER_GENERATE_SWIFT_ASSET_SYMBOL_EXTENSIONS = YES;
				CLANG_ANALYZER_NONNULL = YES;
				CLANG_ANALYZER_NUMBER_OBJECT_CONVERSION = YES_AGGRESSIVE;
				CLANG_CXX_LANGUAGE_STANDARD = "gnu++20";
				CLANG_ENABLE_MODULES = YES;
				CLANG_ENABLE_OBJC_ARC = YES;
				CLANG_ENABLE_OBJC_WEAK = YES;
				CLANG_WARN_BLOCK_CAPTURE_AUTORELEASING = YES;
				CLANG_WARN_BOOL_CONVERSION = YES;
				CLANG_WARN_COMMA = YES;
				CLANG_WARN_CONSTANT_CONVERSION = YES;
				CLANG_WARN_DEPRECATED_OBJC_IMPLEMENTATIONS = YES;
				CLANG_WARN_DIRECT_OBJC_ISA_USAGE = YES_ERROR;
				CLANG_WARN_DOCUMENTATION_COMMENTS = YES;
				CLANG_WARN_EMPTY_BODY = YES;
				CLANG_WARN_ENUM_CONVERSION = YES;
				CLANG_WARN_INFINITE_RECURSION = YES;
				CLANG_WARN_INT_CONVERSION = YES;
				CLANG_WARN_NON_LITERAL_NULL_CONVERSION = YES;
				CLANG_WARN_OBJC_IMPLICIT_RETAIN_SELF = YES;
				CLANG_WARN_OBJC_LITERAL_CONVERSION = YES;
				CLANG_WARN_OBJC_ROOT_CLASS = YES_ERROR;
				CLANG_WARN_QUOTED_INCLUDE_IN_FRAMEWORK_HEADER = YES;
				CLANG_WARN_RANGE_LOOP_ANALYSIS = YES;
				CLANG_WARN_STRICT_PROTOTYPES = YES;
				CLANG_WARN_SUSPICIOUS_MOVE = YES;
				CLANG_WARN_UNGUARDED_AVAILABILITY = YES_AGGRESSIVE;
				CLANG_WARN_UNREACHABLE_CODE = YES;
				CLANG_WARN__DUPLICATE_METHOD_MATCH = YES;
				COPY_PHASE_STRIP = NO;
				DEBUG_INFORMATION_FORMAT = "dwarf-with-dsym";
				ENABLE_NS_ASSERTIONS = NO;
				ENABLE_STRICT_OBJC_MSGSEND = YES;
				ENABLE_USER_SCRIPT_SANDBOXING = YES;
				GCC_C_LANGUAGE_STANDARD = gnu17;
				GCC_NO_COMMON_BLOCKS = YES;
				GCC_WARN_64_TO_32_BIT_CONVERSION = YES;
				GCC_WARN_ABOUT_RETURN_TYPE = YES_ERROR;
				GCC_WARN_UNDECLARED_SELECTOR = YES;
				GCC_WARN_UNINITIALIZED_AUTOS = YES_AGGRESSIVE;
				GCC_WARN_UNUSED_FUNCTION = YES;
				GCC_WARN_UNUSED_VARIABLE = YES;
				IPHONEOS_DEPLOYMENT_TARGET = 18.0;
				LOCALIZATION_PREFERS_STRING_CATALOGS = YES;
				MTL_ENABLE_DEBUG_INFO = NO;
				MTL_FAST_MATH = YES;
				SDKROOT = iphoneos;
				SWIFT_COMPILATION_MODE = wholemodule;
				VALIDATE_PRODUCT = YES;
			};
			name = Release;
		};
		28024E592C6DA6F4009CC800 /* Debug */ = {
			isa = XCBuildConfiguration;
			buildSettings = {
				BUNDLE_LOADER = "$(TEST_HOST)";
				CODE_SIGN_STYLE = Automatic;
				CURRENT_PROJECT_VERSION = 1;
				DEVELOPMENT_TEAM = 4MTKKYGCKK;
				GENERATE_INFOPLIST_FILE = YES;
				IPHONEOS_DEPLOYMENT_TARGET = 18.0;
				MARKETING_VERSION = 1.0;
				PRODUCT_BUNDLE_IDENTIFIER = com.leonardoveiga.TopGithubReposTests;
				PRODUCT_NAME = "$(TARGET_NAME)";
				SWIFT_EMIT_LOC_STRINGS = NO;
				SWIFT_VERSION = 5.0;
				TARGETED_DEVICE_FAMILY = "1,2";
				TEST_HOST = "$(BUILT_PRODUCTS_DIR)/TopGithubRepos.app/$(BUNDLE_EXECUTABLE_FOLDER_PATH)/TopGithubRepos";
			};
			name = Debug;
		};
		28024E5A2C6DA6F4009CC800 /* Release */ = {
			isa = XCBuildConfiguration;
			buildSettings = {
				BUNDLE_LOADER = "$(TEST_HOST)";
				CODE_SIGN_STYLE = Automatic;
				CURRENT_PROJECT_VERSION = 1;
				DEVELOPMENT_TEAM = 4MTKKYGCKK;
				GENERATE_INFOPLIST_FILE = YES;
				IPHONEOS_DEPLOYMENT_TARGET = 18.0;
				MARKETING_VERSION = 1.0;
				PRODUCT_BUNDLE_IDENTIFIER = com.leonardoveiga.TopGithubReposTests;
				PRODUCT_NAME = "$(TARGET_NAME)";
				SWIFT_EMIT_LOC_STRINGS = NO;
				SWIFT_VERSION = 5.0;
				TARGETED_DEVICE_FAMILY = "1,2";
				TEST_HOST = "$(BUILT_PRODUCTS_DIR)/TopGithubRepos.app/$(BUNDLE_EXECUTABLE_FOLDER_PATH)/TopGithubRepos";
			};
			name = Release;
		};
		28024E5C2C6DA6F4009CC800 /* Debug */ = {
			isa = XCBuildConfiguration;
			buildSettings = {
				CODE_SIGN_STYLE = Automatic;
				CURRENT_PROJECT_VERSION = 1;
				DEVELOPMENT_TEAM = 4MTKKYGCKK;
				GENERATE_INFOPLIST_FILE = YES;
				MARKETING_VERSION = 1.0;
				PRODUCT_BUNDLE_IDENTIFIER = com.leonardoveiga.TopGithubReposUITests;
				PRODUCT_NAME = "$(TARGET_NAME)";
				SWIFT_EMIT_LOC_STRINGS = NO;
				SWIFT_VERSION = 5.0;
				TARGETED_DEVICE_FAMILY = "1,2";
				TEST_TARGET_NAME = TopGithubRepos;
			};
			name = Debug;
		};
		28024E5D2C6DA6F4009CC800 /* Release */ = {
			isa = XCBuildConfiguration;
			buildSettings = {
				CODE_SIGN_STYLE = Automatic;
				CURRENT_PROJECT_VERSION = 1;
				DEVELOPMENT_TEAM = 4MTKKYGCKK;
				GENERATE_INFOPLIST_FILE = YES;
				MARKETING_VERSION = 1.0;
				PRODUCT_BUNDLE_IDENTIFIER = com.leonardoveiga.TopGithubReposUITests;
				PRODUCT_NAME = "$(TARGET_NAME)";
				SWIFT_EMIT_LOC_STRINGS = NO;
				SWIFT_VERSION = 5.0;
				TARGETED_DEVICE_FAMILY = "1,2";
				TEST_TARGET_NAME = TopGithubRepos;
			};
			name = Release;
		};
/* End XCBuildConfiguration section */

/* Begin XCConfigurationList section */
		28024E242C6DA6F3009CC800 /* Build configuration list for PBXProject "TopGithubRepos" */ = {
			isa = XCConfigurationList;
			buildConfigurations = (
				28024E562C6DA6F4009CC800 /* Debug */,
				28024E572C6DA6F4009CC800 /* Release */,
			);
			defaultConfigurationIsVisible = 0;
			defaultConfigurationName = Release;
		};
		28024E522C6DA6F4009CC800 /* Build configuration list for PBXNativeTarget "TopGithubRepos" */ = {
			isa = XCConfigurationList;
			buildConfigurations = (
				28024E532C6DA6F4009CC800 /* Debug */,
				28024E542C6DA6F4009CC800 /* Release */,
			);
			defaultConfigurationIsVisible = 0;
			defaultConfigurationName = Release;
		};
		28024E582C6DA6F4009CC800 /* Build configuration list for PBXNativeTarget "TopGithubReposTests" */ = {
			isa = XCConfigurationList;
			buildConfigurations = (
				28024E592C6DA6F4009CC800 /* Debug */,
				28024E5A2C6DA6F4009CC800 /* Release */,
			);
			defaultConfigurationIsVisible = 0;
			defaultConfigurationName = Release;
		};
		28024E5B2C6DA6F4009CC800 /* Build configuration list for PBXNativeTarget "TopGithubReposUITests" */ = {
			isa = XCConfigurationList;
			buildConfigurations = (
				28024E5C2C6DA6F4009CC800 /* Debug */,
				28024E5D2C6DA6F4009CC800 /* Release */,
			);
			defaultConfigurationIsVisible = 0;
			defaultConfigurationName = Release;
		};
/* End XCConfigurationList section */
	};
	rootObject = 28024E212C6DA6F3009CC800 /* Project object */;
}
